
Microsoft Visual Studio Solution File, Format Version 12.00
# Visual Studio 15
VisualStudioVersion = 15.0.27130.2027
MinimumVisualStudioVersion = 10.0.40219.1
Project("{FAE04EC0-301F-11D3-BF4B-00C04F79EFBC}") = "NetCoreMvcAngular", "NetCoreMvcAngular\NetCoreMvcAngular.csproj", "{915260AE-990F-4C47-9FD1-E5B23C208AFD}"
EndProject
Global
	GlobalSection(SolutionConfigurationPlatforms) = preSolution
		Debug|Any CPU = Debug|Any CPU
		Release|Any CPU = Release|Any CPU
	EndGlobalSection
	GlobalSection(ProjectConfigurationPlatforms) = postSolution
		{915260AE-990F-4C47-9FD1-E5B23C208AFD}.Debug|Any CPU.ActiveCfg = Debug|Any CPU
		{915260AE-990F-4C47-9FD1-E5B23C208AFD}.Debug|Any CPU.Build.0 = Debug|Any CPU
		{915260AE-990F-4C47-9FD1-E5B23C208AFD}.Release|Any CPU.ActiveCfg = Release|Any CPU
		{915260AE-990F-4C47-9FD1-E5B23C208AFD}.Release|Any CPU.Build.0 = Release|Any CPU
	EndGlobalSection
	GlobalSection(SolutionProperties) = preSolution
		HideSolutionNode = FALSE
	EndGlobalSection
	GlobalSection(ExtensibilityGlobals) = postSolution
		SolutionGuid = {A26254C2-9135-4FB7-BCF0-78039AE9F257}
	EndGlobalSection
EndGlobal
